
Microsoft Visual Studio Solution File, Format Version 12.00
# Visual Studio Version 16
VisualStudioVersion = 16.0.29806.167
MinimumVisualStudioVersion = 10.0.40219.1
Project("{8BC9CEB8-8B4A-11D0-8D11-00A0C91BC942}") = "ExamMFC001", "ExamMFC001\ExamMFC001.vcxproj", "{8BA106C5-F56A-4050-8A2F-F005B1C592EA}"
EndProject
Global
	GlobalSection(SolutionConfigurationPlatforms) = preSolution
		Debug|x64 = Debug|x64
		Debug|x86 = Debug|x86
		Release|x64 = Release|x64
		Release|x86 = Release|x86
	EndGlobalSection
	GlobalSection(ProjectConfigurationPlatforms) = postSolution
		{8BA106C5-F56A-4050-8A2F-F005B1C592EA}.Debug|x64.ActiveCfg = Debug|x64
		{8BA106C5-F56A-4050-8A2F-F005B1C592EA}.Debug|x64.Build.0 = Debug|x64
		{8BA106C5-F56A-4050-8A2F-F005B1C592EA}.Debug|x86.ActiveCfg = Debug|Win32
		{8BA106C5-F56A-4050-8A2F-F005B1C592EA}.Debug|x86.Build.0 = Debug|Win32
		{8BA106C5-F56A-4050-8A2F-F005B1C592EA}.Release|x64.ActiveCfg = Release|x64
		{8BA106C5-F56A-4050-8A2F-F005B1C592EA}.Release|x64.Build.0 = Release|x64
		{8BA106C5-F56A-4050-8A2F-F005B1C592EA}.Release|x86.ActiveCfg = Release|Win32
		{8BA106C5-F56A-4050-8A2F-F005B1C592EA}.Release|x86.Build.0 = Release|Win32
	EndGlobalSection
	GlobalSection(SolutionProperties) = preSolution
		HideSolutionNode = FALSE
	EndGlobalSection
	GlobalSection(ExtensibilityGlobals) = postSolution
		SolutionGuid = {BCE8237B-C056-4E66-910B-1C79CA8373E2}
	EndGlobalSection
EndGlobal
